
Microsoft Visual Studio Solution File, Format Version 12.00
# Visual Studio Version 17
VisualStudioVersion = 17.14.36705.20 d17.14
MinimumVisualStudioVersion = 10.0.40219.1
Project("{FAE04EC0-301F-11D3-BF4B-00C04F79EFBC}") = "Bulletin_solde", "Bulletin_solde\Bulletin_solde.csproj", "{678740FF-28D6-41F3-A52A-2770E4B56AED}"
EndProject
Global
	GlobalSection(SolutionConfigurationPlatforms) = preSolution
		Debug|Any CPU = Debug|Any CPU
		Release|Any CPU = Release|Any CPU
	EndGlobalSection
	GlobalSection(ProjectConfigurationPlatforms) = postSolution
		{678740FF-28D6-41F3-A52A-2770E4B56AED}.Debug|Any CPU.ActiveCfg = Debug|Any CPU
		{678740FF-28D6-41F3-A52A-2770E4B56AED}.Debug|Any CPU.Build.0 = Debug|Any CPU
		{678740FF-28D6-41F3-A52A-2770E4B56AED}.Release|Any CPU.ActiveCfg = Release|Any CPU
		{678740FF-28D6-41F3-A52A-2770E4B56AED}.Release|Any CPU.Build.0 = Release|Any CPU
	EndGlobalSection
	GlobalSection(SolutionProperties) = preSolution
		HideSolutionNode = FALSE
	EndGlobalSection
	GlobalSection(ExtensibilityGlobals) = postSolution
		SolutionGuid = {5AE5C089-13B8-4C4B-A795-673357648ECF}
	EndGlobalSection
EndGlobal
