
Microsoft Visual Studio Solution File, Format Version 12.00
# Visual Studio Version 17
VisualStudioVersion = 17.14.36705.20 d17.14
MinimumVisualStudioVersion = 10.0.40219.1
Project("{FAE04EC0-301F-11D3-BF4B-00C04F79EFBC}") = "Bulletin_solde", "Bulletin_solde\Bulletin_solde.csproj", "{611B8FE0-4E2B-44CF-A2FE-599ED9E7DC59}"
EndProject
Global
	GlobalSection(SolutionConfigurationPlatforms) = preSolution
		Debug|Any CPU = Debug|Any CPU
		Release|Any CPU = Release|Any CPU
	EndGlobalSection
	GlobalSection(ProjectConfigurationPlatforms) = postSolution
		{611B8FE0-4E2B-44CF-A2FE-599ED9E7DC59}.Debug|Any CPU.ActiveCfg = Debug|Any CPU
		{611B8FE0-4E2B-44CF-A2FE-599ED9E7DC59}.Debug|Any CPU.Build.0 = Debug|Any CPU
		{611B8FE0-4E2B-44CF-A2FE-599ED9E7DC59}.Release|Any CPU.ActiveCfg = Release|Any CPU
		{611B8FE0-4E2B-44CF-A2FE-599ED9E7DC59}.Release|Any CPU.Build.0 = Release|Any CPU
	EndGlobalSection
	GlobalSection(SolutionProperties) = preSolution
		HideSolutionNode = FALSE
	EndGlobalSection
	GlobalSection(ExtensibilityGlobals) = postSolution
		SolutionGuid = {DB7618C1-D407-414B-AEDA-36E3BC271D15}
	EndGlobalSection
EndGlobal
